
Microsoft Visual Studio Solution File, Format Version 12.00
# Visual Studio Version 17
VisualStudioVersion = 17.0.31903.59
MinimumVisualStudioVersion = 10.0.40219.1
Project("{FAE04EC0-301F-11D3-BF4B-00C04F79EFBC}") = "UrlShortener.Api", "UrlShortener.Api\UrlShortener.Api.csproj", "{96DBE858-0FCD-430A-8320-2715496D6CCB}"
EndProject
Project("{FAE04EC0-301F-11D3-BF4B-00C04F79EFBC}") = "UrlShortener.Web", "UrlShortener.Web\UrlShortener.Web.csproj", "{1849EBE3-DF5E-4985-9E81-58B38DF059B9}"
EndProject
Project("{FAE04EC0-301F-11D3-BF4B-00C04F79EFBC}") = "UrlShortener.Tests", "UrlShortener.Tests\UrlShortener.Tests.csproj", "{46B078C0-E0FB-4733-9780-D47303272C8E}"
EndProject
Global
	GlobalSection(SolutionConfigurationPlatforms) = preSolution
		Debug|Any CPU = Debug|Any CPU
		Debug|x64 = Debug|x64
		Debug|x86 = Debug|x86
		Release|Any CPU = Release|Any CPU
		Release|x64 = Release|x64
		Release|x86 = Release|x86
	EndGlobalSection
	GlobalSection(ProjectConfigurationPlatforms) = postSolution
		{96DBE858-0FCD-430A-8320-2715496D6CCB}.Debug|Any CPU.ActiveCfg = Debug|Any CPU
		{96DBE858-0FCD-430A-8320-2715496D6CCB}.Debug|Any CPU.Build.0 = Debug|Any CPU
		{96DBE858-0FCD-430A-8320-2715496D6CCB}.Debug|x64.ActiveCfg = Debug|Any CPU
		{96DBE858-0FCD-430A-8320-2715496D6CCB}.Debug|x64.Build.0 = Debug|Any CPU
		{96DBE858-0FCD-430A-8320-2715496D6CCB}.Debug|x86.ActiveCfg = Debug|Any CPU
		{96DBE858-0FCD-430A-8320-2715496D6CCB}.Debug|x86.Build.0 = Debug|Any CPU
		{96DBE858-0FCD-430A-8320-2715496D6CCB}.Release|Any CPU.ActiveCfg = Release|Any CPU
		{96DBE858-0FCD-430A-8320-2715496D6CCB}.Release|Any CPU.Build.0 = Release|Any CPU
		{96DBE858-0FCD-430A-8320-2715496D6CCB}.Release|x64.ActiveCfg = Release|Any CPU
		{96DBE858-0FCD-430A-8320-2715496D6CCB}.Release|x64.Build.0 = Release|Any CPU
		{96DBE858-0FCD-430A-8320-2715496D6CCB}.Release|x86.ActiveCfg = Release|Any CPU
		{96DBE858-0FCD-430A-8320-2715496D6CCB}.Release|x86.Build.0 = Release|Any CPU
		{1849EBE3-DF5E-4985-9E81-58B38DF059B9}.Debug|Any CPU.ActiveCfg = Debug|Any CPU
		{1849EBE3-DF5E-4985-9E81-58B38DF059B9}.Debug|Any CPU.Build.0 = Debug|Any CPU
		{1849EBE3-DF5E-4985-9E81-58B38DF059B9}.Debug|x64.ActiveCfg = Debug|Any CPU
		{1849EBE3-DF5E-4985-9E81-58B38DF059B9}.Debug|x64.Build.0 = Debug|Any CPU
		{1849EBE3-DF5E-4985-9E81-58B38DF059B9}.Debug|x86.ActiveCfg = Debug|Any CPU
		{1849EBE3-DF5E-4985-9E81-58B38DF059B9}.Debug|x86.Build.0 = Debug|Any CPU
		{1849EBE3-DF5E-4985-9E81-58B38DF059B9}.Release|Any CPU.ActiveCfg = Release|Any CPU
		{1849EBE3-DF5E-4985-9E81-58B38DF059B9}.Release|Any CPU.Build.0 = Release|Any CPU
		{1849EBE3-DF5E-4985-9E81-58B38DF059B9}.Release|x64.ActiveCfg = Release|Any CPU
		{1849EBE3-DF5E-4985-9E81-58B38DF059B9}.Release|x64.Build.0 = Release|Any CPU
		{1849EBE3-DF5E-4985-9E81-58B38DF059B9}.Release|x86.ActiveCfg = Release|Any CPU
		{1849EBE3-DF5E-4985-9E81-58B38DF059B9}.Release|x86.Build.0 = Release|Any CPU
		{46B078C0-E0FB-4733-9780-D47303272C8E}.Debug|Any CPU.ActiveCfg = Debug|Any CPU
		{46B078C0-E0FB-4733-9780-D47303272C8E}.Debug|Any CPU.Build.0 = Debug|Any CPU
		{46B078C0-E0FB-4733-9780-D47303272C8E}.Debug|x64.ActiveCfg = Debug|Any CPU
		{46B078C0-E0FB-4733-9780-D47303272C8E}.Debug|x64.Build.0 = Debug|Any CPU
		{46B078C0-E0FB-4733-9780-D47303272C8E}.Debug|x86.ActiveCfg = Debug|Any CPU
		{46B078C0-E0FB-4733-9780-D47303272C8E}.Debug|x86.Build.0 = Debug|Any CPU
		{46B078C0-E0FB-4733-9780-D47303272C8E}.Release|Any CPU.ActiveCfg = Release|Any CPU
		{46B078C0-E0FB-4733-9780-D47303272C8E}.Release|Any CPU.Build.0 = Release|Any CPU
		{46B078C0-E0FB-4733-9780-D47303272C8E}.Release|x64.ActiveCfg = Release|Any CPU
		{46B078C0-E0FB-4733-9780-D47303272C8E}.Release|x64.Build.0 = Release|Any CPU
		{46B078C0-E0FB-4733-9780-D47303272C8E}.Release|x86.ActiveCfg = Release|Any CPU
		{46B078C0-E0FB-4733-9780-D47303272C8E}.Release|x86.Build.0 = Release|Any CPU
	EndGlobalSection
	GlobalSection(SolutionProperties) = preSolution
		HideSolutionNode = FALSE
	EndGlobalSection
EndGlobal
